
Microsoft Visual Studio Solution File, Format Version 12.00
# Visual Studio 14
VisualStudioVersion = 14.0.25420.1
MinimumVisualStudioVersion = 10.0.40219.1
Project("{FAE04EC0-301F-11D3-BF4B-00C04F79EFBC}") = "ParcelNumberGenerator", "ParcelNumberGenerator\ParcelNumberGenerator.csproj", "{9546577E-A1B7-4605-8571-573D0A0A9487}"
EndProject
Project("{FAE04EC0-301F-11D3-BF4B-00C04F79EFBC}") = "ParcelNumberGenerator.DAL", "ParcelNumberGenerator.DAL\ParcelNumberGenerator.DAL.csproj", "{DD9FF1BE-06DC-47F1-A2E7-7F89B6EB1814}"
EndProject
Project("{FAE04EC0-301F-11D3-BF4B-00C04F79EFBC}") = "ParcelNumberGenerator.Win", "ParcelNumberGenerator.Win\ParcelNumberGenerator.Win.csproj", "{0ECDA447-FF67-4BCD-BA49-1F342E552548}"
EndProject
Global
	GlobalSection(SolutionConfigurationPlatforms) = preSolution
		Debug|Any CPU = Debug|Any CPU
		Release|Any CPU = Release|Any CPU
	EndGlobalSection
	GlobalSection(ProjectConfigurationPlatforms) = postSolution
		{9546577E-A1B7-4605-8571-573D0A0A9487}.Debug|Any CPU.ActiveCfg = Debug|Any CPU
		{9546577E-A1B7-4605-8571-573D0A0A9487}.Debug|Any CPU.Build.0 = Debug|Any CPU
		{9546577E-A1B7-4605-8571-573D0A0A9487}.Release|Any CPU.ActiveCfg = Release|Any CPU
		{9546577E-A1B7-4605-8571-573D0A0A9487}.Release|Any CPU.Build.0 = Release|Any CPU
		{DD9FF1BE-06DC-47F1-A2E7-7F89B6EB1814}.Debug|Any CPU.ActiveCfg = Debug|Any CPU
		{DD9FF1BE-06DC-47F1-A2E7-7F89B6EB1814}.Debug|Any CPU.Build.0 = Debug|Any CPU
		{DD9FF1BE-06DC-47F1-A2E7-7F89B6EB1814}.Release|Any CPU.ActiveCfg = Release|Any CPU
		{DD9FF1BE-06DC-47F1-A2E7-7F89B6EB1814}.Release|Any CPU.Build.0 = Release|Any CPU
		{0ECDA447-FF67-4BCD-BA49-1F342E552548}.Debug|Any CPU.ActiveCfg = Debug|Any CPU
		{0ECDA447-FF67-4BCD-BA49-1F342E552548}.Debug|Any CPU.Build.0 = Debug|Any CPU
		{0ECDA447-FF67-4BCD-BA49-1F342E552548}.Release|Any CPU.ActiveCfg = Release|Any CPU
		{0ECDA447-FF67-4BCD-BA49-1F342E552548}.Release|Any CPU.Build.0 = Release|Any CPU
	EndGlobalSection
	GlobalSection(SolutionProperties) = preSolution
		HideSolutionNode = FALSE
	EndGlobalSection
EndGlobal
